// !$*UTF8*$!
{
	archiveVersion = 1;
	classes = {
	};
	objectVersion = 56;
	objects = {

/* Begin PBXBuildFile section */
		55B24F6A110D817D07F596BE /* Pods_Bidon_BidonUITests.framework in Frameworks */ = {isa = PBXBuildFile; fileRef = A9FB53E2B16CCE055095C4B2 /* Pods_Bidon_BidonUITests.framework */; };
		9047E6502C87A45A00118170 /* TermsView.swift in Sources */ = {isa = PBXBuildFile; fileRef = 9047E6472C87A45A00118170 /* TermsView.swift */; };
		9047E6512C87A45A00118170 /* CelebrationView.swift in Sources */ = {isa = PBXBuildFile; fileRef = 9047E6482C87A45A00118170 /* CelebrationView.swift */; };
		9047E6522C87A45A00118170 /* ContentView.swift in Sources */ = {isa = PBXBuildFile; fileRef = 9047E6492C87A45A00118170 /* ContentView.swift */; };
		9047E6532C87A45A00118170 /* CountdownView.swift in Sources */ = {isa = PBXBuildFile; fileRef = 9047E64A2C87A45A00118170 /* CountdownView.swift */; };
		9047E6542C87A45A00118170 /* PhotoGalleryView.swift in Sources */ = {isa = PBXBuildFile; fileRef = 9047E64B2C87A45A00118170 /* PhotoGalleryView.swift */; };
		9047E6552C87A45A00118170 /* Assets.xcassets in Resources */ = {isa = PBXBuildFile; fileRef = 9047E64C2C87A45A00118170 /* Assets.xcassets */; };
		9047E6562C87A45A00118170 /* BidonApp.swift in Sources */ = {isa = PBXBuildFile; fileRef = 9047E64D2C87A45A00118170 /* BidonApp.swift */; };
		9047E6572C87A45A00118170 /* Preview Assets.xcassets in Resources */ = {isa = PBXBuildFile; fileRef = 9047E64E2C87A45A00118170 /* Preview Assets.xcassets */; };
		9047E6592C87A47200118170 /* LottieView.swift in Sources */ = {isa = PBXBuildFile; fileRef = 9047E6582C87A47100118170 /* LottieView.swift */; };
		9047E65C2C87A4F800118170 /* Lottie in Frameworks */ = {isa = PBXBuildFile; productRef = 9047E65B2C87A4F800118170 /* Lottie */; };
		9047E65E2C87A5D400118170 /* EditTermView.swift in Sources */ = {isa = PBXBuildFile; fileRef = 9047E65D2C87A5D400118170 /* EditTermView.swift */; };
		9047E6602C87A6A100118170 /* Podfile in Resources */ = {isa = PBXBuildFile; fileRef = 9047E65F2C87A6A100118170 /* Podfile */; };
		9047E6622C87A72100118170 /* Lottie in Frameworks */ = {isa = PBXBuildFile; productRef = 9047E6612C87A72100118170 /* Lottie */; };
		9088AF992C7BD58C00303C41 /* BidonTests.swift in Sources */ = {isa = PBXBuildFile; fileRef = 9088AF982C7BD58C00303C41 /* BidonTests.swift */; };
		9088AFA32C7BD58C00303C41 /* BidonUITests.swift in Sources */ = {isa = PBXBuildFile; fileRef = 9088AFA22C7BD58C00303C41 /* BidonUITests.swift */; };
		9088AFA52C7BD58C00303C41 /* BidonUITestsLaunchTests.swift in Sources */ = {isa = PBXBuildFile; fileRef = 9088AFA42C7BD58C00303C41 /* BidonUITestsLaunchTests.swift */; };
		B2991CDC2DC3D63758F0E634 /* Pods_Bidon.framework in Frameworks */ = {isa = PBXBuildFile; fileRef = D09844FB33F19960AA053942 /* Pods_Bidon.framework */; };
		E0AAA63B2D2D808DB2685D40 /* Pods_BidonTests.framework in Frameworks */ = {isa = PBXBuildFile; fileRef = 55CD8ADA7C370B5B95EC64E1 /* Pods_BidonTests.framework */; };
/* End PBXBuildFile section */

/* Begin PBXContainerItemProxy section */
		9088AF952C7BD58C00303C41 /* PBXContainerItemProxy */ = {
			isa = PBXContainerItemProxy;
			containerPortal = 9088AF7C2C7BD58900303C41 /* Project object */;
			proxyType = 1;
			remoteGlobalIDString = 9088AF832C7BD58900303C41;
			remoteInfo = Bidon;
		};
		9088AF9F2C7BD58C00303C41 /* PBXContainerItemProxy */ = {
			isa = PBXContainerItemProxy;
			containerPortal = 9088AF7C2C7BD58900303C41 /* Project object */;
			proxyType = 1;
			remoteGlobalIDString = 9088AF832C7BD58900303C41;
			remoteInfo = Bidon;
		};
/* End PBXContainerItemProxy section */

/* Begin PBXFileReference section */
		088335651A92B857329183E4 /* Pods-Bidon.debug.xcconfig */ = {isa = PBXFileReference; includeInIndex = 1; lastKnownFileType = text.xcconfig; name = "Pods-Bidon.debug.xcconfig"; path = "Target Support Files/Pods-Bidon/Pods-Bidon.debug.xcconfig"; sourceTree = "<group>"; };
		397F899C76FFE21FC4A51824 /* Pods-Bidon-BidonUITests.release.xcconfig */ = {isa = PBXFileReference; includeInIndex = 1; lastKnownFileType = text.xcconfig; name = "Pods-Bidon-BidonUITests.release.xcconfig"; path = "Target Support Files/Pods-Bidon-BidonUITests/Pods-Bidon-BidonUITests.release.xcconfig"; sourceTree = "<group>"; };
		44C3E13072A203A08F3C6D4F /* Pods-Bidon-BidonUITests.debug.xcconfig */ = {isa = PBXFileReference; includeInIndex = 1; lastKnownFileType = text.xcconfig; name = "Pods-Bidon-BidonUITests.debug.xcconfig"; path = "Target Support Files/Pods-Bidon-BidonUITests/Pods-Bidon-BidonUITests.debug.xcconfig"; sourceTree = "<group>"; };
		4B576DC291F88B45A3AAC268 /* Pods-BidonTests.release.xcconfig */ = {isa = PBXFileReference; includeInIndex = 1; lastKnownFileType = text.xcconfig; name = "Pods-BidonTests.release.xcconfig"; path = "Target Support Files/Pods-BidonTests/Pods-BidonTests.release.xcconfig"; sourceTree = "<group>"; };
		55CD8ADA7C370B5B95EC64E1 /* Pods_BidonTests.framework */ = {isa = PBXFileReference; explicitFileType = wrapper.framework; includeInIndex = 0; path = Pods_BidonTests.framework; sourceTree = BUILT_PRODUCTS_DIR; };
		62528F342FF57B2413516A36 /* Pods-BidonTests.debug.xcconfig */ = {isa = PBXFileReference; includeInIndex = 1; lastKnownFileType = text.xcconfig; name = "Pods-BidonTests.debug.xcconfig"; path = "Target Support Files/Pods-BidonTests/Pods-BidonTests.debug.xcconfig"; sourceTree = "<group>"; };
		9047E6462C87A45A00118170 /* Bidon-Bridging-Header.h */ = {isa = PBXFileReference; lastKnownFileType = sourcecode.c.h; path = "Bidon-Bridging-Header.h"; sourceTree = "<group>"; };
		9047E6472C87A45A00118170 /* TermsView.swift */ = {isa = PBXFileReference; fileEncoding = 4; lastKnownFileType = sourcecode.swift; path = TermsView.swift; sourceTree = "<group>"; };
		9047E6482C87A45A00118170 /* CelebrationView.swift */ = {isa = PBXFileReference; fileEncoding = 4; lastKnownFileType = sourcecode.swift; path = CelebrationView.swift; sourceTree = "<group>"; };
		9047E6492C87A45A00118170 /* ContentView.swift */ = {isa = PBXFileReference; fileEncoding = 4; lastKnownFileType = sourcecode.swift; path = ContentView.swift; sourceTree = "<group>"; };
		9047E64A2C87A45A00118170 /* CountdownView.swift */ = {isa = PBXFileReference; fileEncoding = 4; lastKnownFileType = sourcecode.swift; path = CountdownView.swift; sourceTree = "<group>"; };
		9047E64B2C87A45A00118170 /* PhotoGalleryView.swift */ = {isa = PBXFileReference; fileEncoding = 4; lastKnownFileType = sourcecode.swift; path = PhotoGalleryView.swift; sourceTree = "<group>"; };
		9047E64C2C87A45A00118170 /* Assets.xcassets */ = {isa = PBXFileReference; lastKnownFileType = folder.assetcatalog; path = Assets.xcassets; sourceTree = "<group>"; };
		9047E64D2C87A45A00118170 /* BidonApp.swift */ = {isa = PBXFileReference; fileEncoding = 4; lastKnownFileType = sourcecode.swift; path = BidonApp.swift; sourceTree = "<group>"; };
		9047E64E2C87A45A00118170 /* Preview Assets.xcassets */ = {isa = PBXFileReference; lastKnownFileType = folder.assetcatalog; path = "Preview Assets.xcassets"; sourceTree = "<group>"; };
		9047E6582C87A47100118170 /* LottieView.swift */ = {isa = PBXFileReference; fileEncoding = 4; lastKnownFileType = sourcecode.swift; path = LottieView.swift; sourceTree = SOURCE_ROOT; };
		9047E65D2C87A5D400118170 /* EditTermView.swift */ = {isa = PBXFileReference; lastKnownFileType = sourcecode.swift; path = EditTermView.swift; sourceTree = "<group>"; };
		9047E65F2C87A6A100118170 /* Podfile */ = {isa = PBXFileReference; fileEncoding = 4; lastKnownFileType = text; path = Podfile; sourceTree = "<group>"; xcLanguageSpecificationIdentifier = xcode.lang.ruby; };
		9088AF842C7BD58900303C41 /* Bidon.app */ = {isa = PBXFileReference; explicitFileType = wrapper.application; includeInIndex = 0; path = Bidon.app; sourceTree = BUILT_PRODUCTS_DIR; };
		9088AF942C7BD58C00303C41 /* BidonTests.xctest */ = {isa = PBXFileReference; explicitFileType = wrapper.cfbundle; includeInIndex = 0; path = BidonTests.xctest; sourceTree = BUILT_PRODUCTS_DIR; };
		9088AF982C7BD58C00303C41 /* BidonTests.swift */ = {isa = PBXFileReference; lastKnownFileType = sourcecode.swift; path = BidonTests.swift; sourceTree = "<group>"; };
		9088AF9E2C7BD58C00303C41 /* BidonUITests.xctest */ = {isa = PBXFileReference; explicitFileType = wrapper.cfbundle; includeInIndex = 0; path = BidonUITests.xctest; sourceTree = BUILT_PRODUCTS_DIR; };
		9088AFA22C7BD58C00303C41 /* BidonUITests.swift */ = {isa = PBXFileReference; lastKnownFileType = sourcecode.swift; path = BidonUITests.swift; sourceTree = "<group>"; };
		9088AFA42C7BD58C00303C41 /* BidonUITestsLaunchTests.swift */ = {isa = PBXFileReference; lastKnownFileType = sourcecode.swift; path = BidonUITestsLaunchTests.swift; sourceTree = "<group>"; };
		A9FB53E2B16CCE055095C4B2 /* Pods_Bidon_BidonUITests.framework */ = {isa = PBXFileReference; explicitFileType = wrapper.framework; includeInIndex = 0; path = Pods_Bidon_BidonUITests.framework; sourceTree = BUILT_PRODUCTS_DIR; };
		D09844FB33F19960AA053942 /* Pods_Bidon.framework */ = {isa = PBXFileReference; explicitFileType = wrapper.framework; includeInIndex = 0; path = Pods_Bidon.framework; sourceTree = BUILT_PRODUCTS_DIR; };
		D3221B0AFD0B308BEB638F03 /* Pods-Bidon.release.xcconfig */ = {isa = PBXFileReference; includeInIndex = 1; lastKnownFileType = text.xcconfig; name = "Pods-Bidon.release.xcconfig"; path = "Target Support Files/Pods-Bidon/Pods-Bidon.release.xcconfig"; sourceTree = "<group>"; };
/* End PBXFileReference section */

/* Begin PBXFrameworksBuildPhase section */
		9088AF812C7BD58900303C41 /* Frameworks */ = {
			isa = PBXFrameworksBuildPhase;
			buildActionMask = 2147483647;
			files = (
				9047E65C2C87A4F800118170 /* Lottie in Frameworks */,
				B2991CDC2DC3D63758F0E634 /* Pods_Bidon.framework in Frameworks */,
			);
			runOnlyForDeploymentPostprocessing = 0;
		};
		9088AF912C7BD58C00303C41 /* Frameworks */ = {
			isa = PBXFrameworksBuildPhase;
			buildActionMask = 2147483647;
			files = (
				E0AAA63B2D2D808DB2685D40 /* Pods_BidonTests.framework in Frameworks */,
				9047E6622C87A72100118170 /* Lottie in Frameworks */,
			);
			runOnlyForDeploymentPostprocessing = 0;
		};
		9088AF9B2C7BD58C00303C41 /* Frameworks */ = {
			isa = PBXFrameworksBuildPhase;
			buildActionMask = 2147483647;
			files = (
				55B24F6A110D817D07F596BE /* Pods_Bidon_BidonUITests.framework in Frameworks */,
			);
			runOnlyForDeploymentPostprocessing = 0;
		};
/* End PBXFrameworksBuildPhase section */

/* Begin PBXGroup section */
		19BBA81440E175F9D1F59CB3 /* Frameworks */ = {
			isa = PBXGroup;
			children = (
				D09844FB33F19960AA053942 /* Pods_Bidon.framework */,
				A9FB53E2B16CCE055095C4B2 /* Pods_Bidon_BidonUITests.framework */,
				55CD8ADA7C370B5B95EC64E1 /* Pods_BidonTests.framework */,
			);
			name = Frameworks;
			sourceTree = "<group>";
		};
		5D663E2AE7D8F9ECD6BF4E87 /* Pods */ = {
			isa = PBXGroup;
			children = (
				088335651A92B857329183E4 /* Pods-Bidon.debug.xcconfig */,
				D3221B0AFD0B308BEB638F03 /* Pods-Bidon.release.xcconfig */,
				44C3E13072A203A08F3C6D4F /* Pods-Bidon-BidonUITests.debug.xcconfig */,
				397F899C76FFE21FC4A51824 /* Pods-Bidon-BidonUITests.release.xcconfig */,
				62528F342FF57B2413516A36 /* Pods-BidonTests.debug.xcconfig */,
				4B576DC291F88B45A3AAC268 /* Pods-BidonTests.release.xcconfig */,
			);
			path = Pods;
			sourceTree = "<group>";
		};
		9047E64F2C87A45A00118170 /* Preview Content */ = {
			isa = PBXGroup;
			children = (
				9047E64E2C87A45A00118170 /* Preview Assets.xcassets */,
			);
			path = "Preview Content";
			sourceTree = "<group>";
		};
		9088AF7B2C7BD58900303C41 = {
			isa = PBXGroup;
			children = (
				9047E65F2C87A6A100118170 /* Podfile */,
				9088AF862C7BD58900303C41 /* Bidon */,
				9088AF972C7BD58C00303C41 /* BidonTests */,
				9088AFA12C7BD58C00303C41 /* BidonUITests */,
				9088AF852C7BD58900303C41 /* Products */,
				5D663E2AE7D8F9ECD6BF4E87 /* Pods */,
				19BBA81440E175F9D1F59CB3 /* Frameworks */,
			);
			sourceTree = "<group>";
		};
		9088AF852C7BD58900303C41 /* Products */ = {
			isa = PBXGroup;
			children = (
				9088AF842C7BD58900303C41 /* Bidon.app */,
				9088AF942C7BD58C00303C41 /* BidonTests.xctest */,
				9088AF9E2C7BD58C00303C41 /* BidonUITests.xctest */,
			);
			name = Products;
			sourceTree = "<group>";
		};
		9088AF862C7BD58900303C41 /* Bidon */ = {
			isa = PBXGroup;
			children = (
				9047E64C2C87A45A00118170 /* Assets.xcassets */,
				9047E64D2C87A45A00118170 /* BidonApp.swift */,
				9047E6582C87A47100118170 /* LottieView.swift */,
				9047E6482C87A45A00118170 /* CelebrationView.swift */,
				9047E6492C87A45A00118170 /* ContentView.swift */,
				9047E64A2C87A45A00118170 /* CountdownView.swift */,
				9047E64B2C87A45A00118170 /* PhotoGalleryView.swift */,
				9047E65D2C87A5D400118170 /* EditTermView.swift */,
				9047E64F2C87A45A00118170 /* Preview Content */,
				9047E6472C87A45A00118170 /* TermsView.swift */,
				9047E6462C87A45A00118170 /* Bidon-Bridging-Header.h */,
			);
			path = Bidon;
			sourceTree = "<group>";
		};
		9088AF972C7BD58C00303C41 /* BidonTests */ = {
			isa = PBXGroup;
			children = (
				9088AF982C7BD58C00303C41 /* BidonTests.swift */,
			);
			path = BidonTests;
			sourceTree = "<group>";
		};
		9088AFA12C7BD58C00303C41 /* BidonUITests */ = {
			isa = PBXGroup;
			children = (
				9088AFA22C7BD58C00303C41 /* BidonUITests.swift */,
				9088AFA42C7BD58C00303C41 /* BidonUITestsLaunchTests.swift */,
			);
			path = BidonUITests;
			sourceTree = "<group>";
		};
/* End PBXGroup section */

/* Begin PBXNativeTarget section */
		9088AF832C7BD58900303C41 /* Bidon */ = {
			isa = PBXNativeTarget;
			buildConfigurationList = 9088AFA82C7BD58C00303C41 /* Build configuration list for PBXNativeTarget "Bidon" */;
			buildPhases = (
				5FA4F59516631FCF66B66ADA /* [CP] Check Pods Manifest.lock */,
				9088AF802C7BD58900303C41 /* Sources */,
				9088AF812C7BD58900303C41 /* Frameworks */,
				9088AF822C7BD58900303C41 /* Resources */,
				123847A243AED37A2528C941 /* [CP] Embed Pods Frameworks */,
			);
			buildRules = (
			);
			dependencies = (
			);
			name = Bidon;
			packageProductDependencies = (
				9047E65B2C87A4F800118170 /* Lottie */,
			);
			productName = Bidon;
			productReference = 9088AF842C7BD58900303C41 /* Bidon.app */;
			productType = "com.apple.product-type.application";
		};
		9088AF932C7BD58C00303C41 /* BidonTests */ = {
			isa = PBXNativeTarget;
			buildConfigurationList = 9088AFAB2C7BD58C00303C41 /* Build configuration list for PBXNativeTarget "BidonTests" */;
			buildPhases = (
				31A24B20C7EE246E05E1BB99 /* [CP] Check Pods Manifest.lock */,
				9088AF902C7BD58C00303C41 /* Sources */,
				9088AF912C7BD58C00303C41 /* Frameworks */,
				9088AF922C7BD58C00303C41 /* Resources */,
			);
			buildRules = (
			);
			dependencies = (
				9088AF962C7BD58C00303C41 /* PBXTargetDependency */,
			);
			name = BidonTests;
			packageProductDependencies = (
				9047E6612C87A72100118170 /* Lottie */,
			);
			productName = BidonTests;
			productReference = 9088AF942C7BD58C00303C41 /* BidonTests.xctest */;
			productType = "com.apple.product-type.bundle.unit-test";
		};
		9088AF9D2C7BD58C00303C41 /* BidonUITests */ = {
			isa = PBXNativeTarget;
			buildConfigurationList = 9088AFAE2C7BD58C00303C41 /* Build configuration list for PBXNativeTarget "BidonUITests" */;
			buildPhases = (
				D3C29F1E5C6AE92D79B62121 /* [CP] Check Pods Manifest.lock */,
				9088AF9A2C7BD58C00303C41 /* Sources */,
				9088AF9B2C7BD58C00303C41 /* Frameworks */,
				9088AF9C2C7BD58C00303C41 /* Resources */,
				C509F245EDEBB9342125C696 /* [CP] Embed Pods Frameworks */,
			);
			buildRules = (
			);
			dependencies = (
				9088AFA02C7BD58C00303C41 /* PBXTargetDependency */,
			);
			name = BidonUITests;
			productName = BidonUITests;
			productReference = 9088AF9E2C7BD58C00303C41 /* BidonUITests.xctest */;
			productType = "com.apple.product-type.bundle.ui-testing";
		};
/* End PBXNativeTarget section */

/* Begin PBXProject section */
		9088AF7C2C7BD58900303C41 /* Project object */ = {
			isa = PBXProject;
			attributes = {
				BuildIndependentTargetsInParallel = 1;
				LastSwiftUpdateCheck = 1540;
				LastUpgradeCheck = 1540;
				TargetAttributes = {
					9088AF832C7BD58900303C41 = {
						CreatedOnToolsVersion = 15.4;
						LastSwiftMigration = 1540;
					};
					9088AF932C7BD58C00303C41 = {
						CreatedOnToolsVersion = 15.4;
						TestTargetID = 9088AF832C7BD58900303C41;
					};
					9088AF9D2C7BD58C00303C41 = {
						CreatedOnToolsVersion = 15.4;
						TestTargetID = 9088AF832C7BD58900303C41;
					};
				};
			};
			buildConfigurationList = 9088AF7F2C7BD58900303C41 /* Build configuration list for PBXProject "Bidon" */;
			compatibilityVersion = "Xcode 14.0";
			developmentRegion = en;
			hasScannedForEncodings = 0;
			knownRegions = (
				en,
				Base,
			);
			mainGroup = 9088AF7B2C7BD58900303C41;
			packageReferences = (
				9047E65A2C87A4AC00118170 /* XCRemoteSwiftPackageReference "lottie-ios" */,
			);
			productRefGroup = 9088AF852C7BD58900303C41 /* Products */;
			projectDirPath = "";
			projectRoot = "";
			targets = (
				9088AF832C7BD58900303C41 /* Bidon */,
				9088AF932C7BD58C00303C41 /* BidonTests */,
				9088AF9D2C7BD58C00303C41 /* BidonUITests */,
			);
		};
/* End PBXProject section */

/* Begin PBXResourcesBuildPhase section */
		9088AF822C7BD58900303C41 /* Resources */ = {
			isa = PBXResourcesBuildPhase;
			buildActionMask = 2147483647;
			files = (
				9047E6602C87A6A100118170 /* Podfile in Resources */,
				9047E6572C87A45A00118170 /* Preview Assets.xcassets in Resources */,
				9047E6552C87A45A00118170 /* Assets.xcassets in Resources */,
			);
			runOnlyForDeploymentPostprocessing = 0;
		};
		9088AF922C7BD58C00303C41 /* Resources */ = {
			isa = PBXResourcesBuildPhase;
			buildActionMask = 2147483647;
			files = (
			);
			runOnlyForDeploymentPostprocessing = 0;
		};
		9088AF9C2C7BD58C00303C41 /* Resources */ = {
			isa = PBXResourcesBuildPhase;
			buildActionMask = 2147483647;
			files = (
			);
			runOnlyForDeploymentPostprocessing = 0;
		};
/* End PBXResourcesBuildPhase section */

/* Begin PBXShellScriptBuildPhase section */
		123847A243AED37A2528C941 /* [CP] Embed Pods Frameworks */ = {
			isa = PBXShellScriptBuildPhase;
			buildActionMask = 2147483647;
			files = (
			);
			inputFileListPaths = (
				"${PODS_ROOT}/Target Support Files/Pods-Bidon/Pods-Bidon-frameworks-${CONFIGURATION}-input-files.xcfilelist",
			);
			name = "[CP] Embed Pods Frameworks";
			outputFileListPaths = (
				"${PODS_ROOT}/Target Support Files/Pods-Bidon/Pods-Bidon-frameworks-${CONFIGURATION}-output-files.xcfilelist",
			);
			runOnlyForDeploymentPostprocessing = 0;
			shellPath = /bin/sh;
			shellScript = "\"${PODS_ROOT}/Target Support Files/Pods-Bidon/Pods-Bidon-frameworks.sh\"\n";
			showEnvVarsInLog = 0;
		};
		31A24B20C7EE246E05E1BB99 /* [CP] Check Pods Manifest.lock */ = {
			isa = PBXShellScriptBuildPhase;
			buildActionMask = 2147483647;
			files = (
			);
			inputFileListPaths = (
			);
			inputPaths = (
				"${PODS_PODFILE_DIR_PATH}/Podfile.lock",
				"${PODS_ROOT}/Manifest.lock",
			);
			name = "[CP] Check Pods Manifest.lock";
			outputFileListPaths = (
			);
			outputPaths = (
				"$(DERIVED_FILE_DIR)/Pods-BidonTests-checkManifestLockResult.txt",
			);
			runOnlyForDeploymentPostprocessing = 0;
			shellPath = /bin/sh;
			shellScript = "diff \"${PODS_PODFILE_DIR_PATH}/Podfile.lock\" \"${PODS_ROOT}/Manifest.lock\" > /dev/null\nif [ $? != 0 ] ; then\n    # print error to STDERR\n    echo \"error: The sandbox is not in sync with the Podfile.lock. Run 'pod install' or update your CocoaPods installation.\" >&2\n    exit 1\nfi\n# This output is used by Xcode 'outputs' to avoid re-running this script phase.\necho \"SUCCESS\" > \"${SCRIPT_OUTPUT_FILE_0}\"\n";
			showEnvVarsInLog = 0;
		};
		5FA4F59516631FCF66B66ADA /* [CP] Check Pods Manifest.lock */ = {
			isa = PBXShellScriptBuildPhase;
			buildActionMask = 2147483647;
			files = (
			);
			inputFileListPaths = (
			);
			inputPaths = (
				"${PODS_PODFILE_DIR_PATH}/Podfile.lock",
				"${PODS_ROOT}/Manifest.lock",
			);
			name = "[CP] Check Pods Manifest.lock";
			outputFileListPaths = (
			);
			outputPaths = (
				"$(DERIVED_FILE_DIR)/Pods-Bidon-checkManifestLockResult.txt",
			);
			runOnlyForDeploymentPostprocessing = 0;
			shellPath = /bin/sh;
			shellScript = "diff \"${PODS_PODFILE_DIR_PATH}/Podfile.lock\" \"${PODS_ROOT}/Manifest.lock\" > /dev/null\nif [ $? != 0 ] ; then\n    # print error to STDERR\n    echo \"error: The sandbox is not in sync with the Podfile.lock. Run 'pod install' or update your CocoaPods installation.\" >&2\n    exit 1\nfi\n# This output is used by Xcode 'outputs' to avoid re-running this script phase.\necho \"SUCCESS\" > \"${SCRIPT_OUTPUT_FILE_0}\"\n";
			showEnvVarsInLog = 0;
		};
		C509F245EDEBB9342125C696 /* [CP] Embed Pods Frameworks */ = {
			isa = PBXShellScriptBuildPhase;
			buildActionMask = 2147483647;
			files = (
			);
			inputFileListPaths = (
				"${PODS_ROOT}/Target Support Files/Pods-Bidon-BidonUITests/Pods-Bidon-BidonUITests-frameworks-${CONFIGURATION}-input-files.xcfilelist",
			);
			name = "[CP] Embed Pods Frameworks";
			outputFileListPaths = (
				"${PODS_ROOT}/Target Support Files/Pods-Bidon-BidonUITests/Pods-Bidon-BidonUITests-frameworks-${CONFIGURATION}-output-files.xcfilelist",
			);
			runOnlyForDeploymentPostprocessing = 0;
			shellPath = /bin/sh;
			shellScript = "\"${PODS_ROOT}/Target Support Files/Pods-Bidon-BidonUITests/Pods-Bidon-BidonUITests-frameworks.sh\"\n";
			showEnvVarsInLog = 0;
		};
		D3C29F1E5C6AE92D79B62121 /* [CP] Check Pods Manifest.lock */ = {
			isa = PBXShellScriptBuildPhase;
			buildActionMask = 2147483647;
			files = (
			);
			inputFileListPaths = (
			);
			inputPaths = (
				"${PODS_PODFILE_DIR_PATH}/Podfile.lock",
				"${PODS_ROOT}/Manifest.lock",
			);
			name = "[CP] Check Pods Manifest.lock";
			outputFileListPaths = (
			);
			outputPaths = (
				"$(DERIVED_FILE_DIR)/Pods-Bidon-BidonUITests-checkManifestLockResult.txt",
			);
			runOnlyForDeploymentPostprocessing = 0;
			shellPath = /bin/sh;
			shellScript = "diff \"${PODS_PODFILE_DIR_PATH}/Podfile.lock\" \"${PODS_ROOT}/Manifest.lock\" > /dev/null\nif [ $? != 0 ] ; then\n    # print error to STDERR\n    echo \"error: The sandbox is not in sync with the Podfile.lock. Run 'pod install' or update your CocoaPods installation.\" >&2\n    exit 1\nfi\n# This output is used by Xcode 'outputs' to avoid re-running this script phase.\necho \"SUCCESS\" > \"${SCRIPT_OUTPUT_FILE_0}\"\n";
			showEnvVarsInLog = 0;
		};
/* End PBXShellScriptBuildPhase section */

/* Begin PBXSourcesBuildPhase section */
		9088AF802C7BD58900303C41 /* Sources */ = {
			isa = PBXSourcesBuildPhase;
			buildActionMask = 2147483647;
			files = (
				9047E6502C87A45A00118170 /* TermsView.swift in Sources */,
				9047E6512C87A45A00118170 /* CelebrationView.swift in Sources */,
				9047E6562C87A45A00118170 /* BidonApp.swift in Sources */,
				9047E6542C87A45A00118170 /* PhotoGalleryView.swift in Sources */,
				9047E6592C87A47200118170 /* LottieView.swift in Sources */,
				9047E6532C87A45A00118170 /* CountdownView.swift in Sources */,
				9047E65E2C87A5D400118170 /* EditTermView.swift in Sources */,
				9047E6522C87A45A00118170 /* ContentView.swift in Sources */,
			);
			runOnlyForDeploymentPostprocessing = 0;
		};
		9088AF902C7BD58C00303C41 /* Sources */ = {
			isa = PBXSourcesBuildPhase;
			buildActionMask = 2147483647;
			files = (
				9088AF992C7BD58C00303C41 /* BidonTests.swift in Sources */,
			);
			runOnlyForDeploymentPostprocessing = 0;
		};
		9088AF9A2C7BD58C00303C41 /* Sources */ = {
			isa = PBXSourcesBuildPhase;
			buildActionMask = 2147483647;
			files = (
				9088AFA32C7BD58C00303C41 /* BidonUITests.swift in Sources */,
				9088AFA52C7BD58C00303C41 /* BidonUITestsLaunchTests.swift in Sources */,
			);
			runOnlyForDeploymentPostprocessing = 0;
		};
/* End PBXSourcesBuildPhase section */

/* Begin PBXTargetDependency section */
		9088AF962C7BD58C00303C41 /* PBXTargetDependency */ = {
			isa = PBXTargetDependency;
			target = 9088AF832C7BD58900303C41 /* Bidon */;
			targetProxy = 9088AF952C7BD58C00303C41 /* PBXContainerItemProxy */;
		};
		9088AFA02C7BD58C00303C41 /* PBXTargetDependency */ = {
			isa = PBXTargetDependency;
			target = 9088AF832C7BD58900303C41 /* Bidon */;
			targetProxy = 9088AF9F2C7BD58C00303C41 /* PBXContainerItemProxy */;
		};
/* End PBXTargetDependency section */

/* Begin XCBuildConfiguration section */
		9088AFA62C7BD58C00303C41 /* Debug */ = {
			isa = XCBuildConfiguration;
			buildSettings = {
				ALWAYS_SEARCH_USER_PATHS = NO;
				ASSETCATALOG_COMPILER_GENERATE_SWIFT_ASSET_SYMBOL_EXTENSIONS = YES;
				CLANG_ANALYZER_NONNULL = YES;
				CLANG_ANALYZER_NUMBER_OBJECT_CONVERSION = YES_AGGRESSIVE;
				CLANG_CXX_LANGUAGE_STANDARD = "gnu++20";
				CLANG_ENABLE_MODULES = YES;
				CLANG_ENABLE_OBJC_ARC = YES;
				CLANG_ENABLE_OBJC_WEAK = YES;
				CLANG_WARN_BLOCK_CAPTURE_AUTORELEASING = YES;
				CLANG_WARN_BOOL_CONVERSION = YES;
				CLANG_WARN_COMMA = YES;
				CLANG_WARN_CONSTANT_CONVERSION = YES;
				CLANG_WARN_DEPRECATED_OBJC_IMPLEMENTATIONS = YES;
				CLANG_WARN_DIRECT_OBJC_ISA_USAGE = YES_ERROR;
				CLANG_WARN_DOCUMENTATION_COMMENTS = YES;
				CLANG_WARN_EMPTY_BODY = YES;
				CLANG_WARN_ENUM_CONVERSION = YES;
				CLANG_WARN_INFINITE_RECURSION = YES;
				CLANG_WARN_INT_CONVERSION = YES;
				CLANG_WARN_NON_LITERAL_NULL_CONVERSION = YES;
				CLANG_WARN_OBJC_IMPLICIT_RETAIN_SELF = YES;
				CLANG_WARN_OBJC_LITERAL_CONVERSION = YES;
				CLANG_WARN_OBJC_ROOT_CLASS = YES_ERROR;
				CLANG_WARN_QUOTED_INCLUDE_IN_FRAMEWORK_HEADER = YES;
				CLANG_WARN_RANGE_LOOP_ANALYSIS = YES;
				CLANG_WARN_STRICT_PROTOTYPES = YES;
				CLANG_WARN_SUSPICIOUS_MOVE = YES;
				CLANG_WARN_UNGUARDED_AVAILABILITY = YES_AGGRESSIVE;
				CLANG_WARN_UNREACHABLE_CODE = YES;
				CLANG_WARN__DUPLICATE_METHOD_MATCH = YES;
				COPY_PHASE_STRIP = NO;
				DEBUG_INFORMATION_FORMAT = dwarf;
				ENABLE_STRICT_OBJC_MSGSEND = YES;
				ENABLE_TESTABILITY = YES;
				ENABLE_USER_SCRIPT_SANDBOXING = YES;
				GCC_C_LANGUAGE_STANDARD = gnu17;
				GCC_DYNAMIC_NO_PIC = NO;
				GCC_NO_COMMON_BLOCKS = YES;
				GCC_OPTIMIZATION_LEVEL = 0;
				GCC_PREPROCESSOR_DEFINITIONS = (
					"DEBUG=1",
					"$(inherited)",
				);
				GCC_WARN_64_TO_32_BIT_CONVERSION = YES;
				GCC_WARN_ABOUT_RETURN_TYPE = YES_ERROR;
				GCC_WARN_UNDECLARED_SELECTOR = YES;
				GCC_WARN_UNINITIALIZED_AUTOS = YES_AGGRESSIVE;
				GCC_WARN_UNUSED_FUNCTION = YES;
				GCC_WARN_UNUSED_VARIABLE = YES;
				IPHONEOS_DEPLOYMENT_TARGET = 17.5;
				LOCALIZATION_PREFERS_STRING_CATALOGS = YES;
				MTL_ENABLE_DEBUG_INFO = INCLUDE_SOURCE;
				MTL_FAST_MATH = YES;
				ONLY_ACTIVE_ARCH = YES;
				SDKROOT = iphoneos;
				SWIFT_ACTIVE_COMPILATION_CONDITIONS = "DEBUG $(inherited)";
				SWIFT_OPTIMIZATION_LEVEL = "-Onone";
			};
			name = Debug;
		};
		9088AFA72C7BD58C00303C41 /* Release */ = {
			isa = XCBuildConfiguration;
			buildSettings = {
				ALWAYS_SEARCH_USER_PATHS = NO;
				ASSETCATALOG_COMPILER_GENERATE_SWIFT_ASSET_SYMBOL_EXTENSIONS = YES;
				CLANG_ANALYZER_NONNULL = YES;
				CLANG_ANALYZER_NUMBER_OBJECT_CONVERSION = YES_AGGRESSIVE;
				CLANG_CXX_LANGUAGE_STANDARD = "gnu++20";
				CLANG_ENABLE_MODULES = YES;
				CLANG_ENABLE_OBJC_ARC = YES;
				CLANG_ENABLE_OBJC_WEAK = YES;
				CLANG_WARN_BLOCK_CAPTURE_AUTORELEASING = YES;
				CLANG_WARN_BOOL_CONVERSION = YES;
				CLANG_WARN_COMMA = YES;
				CLANG_WARN_CONSTANT_CONVERSION = YES;
				CLANG_WARN_DEPRECATED_OBJC_IMPLEMENTATIONS = YES;
				CLANG_WARN_DIRECT_OBJC_ISA_USAGE = YES_ERROR;
				CLANG_WARN_DOCUMENTATION_COMMENTS = YES;
				CLANG_WARN_EMPTY_BODY = YES;
				CLANG_WARN_ENUM_CONVERSION = YES;
				CLANG_WARN_INFINITE_RECURSION = YES;
				CLANG_WARN_INT_CONVERSION = YES;
				CLANG_WARN_NON_LITERAL_NULL_CONVERSION = YES;
				CLANG_WARN_OBJC_IMPLICIT_RETAIN_SELF = YES;
				CLANG_WARN_OBJC_LITERAL_CONVERSION = YES;
				CLANG_WARN_OBJC_ROOT_CLASS = YES_ERROR;
				CLANG_WARN_QUOTED_INCLUDE_IN_FRAMEWORK_HEADER = YES;
				CLANG_WARN_RANGE_LOOP_ANALYSIS = YES;
				CLANG_WARN_STRICT_PROTOTYPES = YES;
				CLANG_WARN_SUSPICIOUS_MOVE = YES;
				CLANG_WARN_UNGUARDED_AVAILABILITY = YES_AGGRESSIVE;
				CLANG_WARN_UNREACHABLE_CODE = YES;
				CLANG_WARN__DUPLICATE_METHOD_MATCH = YES;
				COPY_PHASE_STRIP = NO;
				DEBUG_INFORMATION_FORMAT = "dwarf-with-dsym";
				ENABLE_NS_ASSERTIONS = NO;
				ENABLE_STRICT_OBJC_MSGSEND = YES;
				ENABLE_USER_SCRIPT_SANDBOXING = YES;
				GCC_C_LANGUAGE_STANDARD = gnu17;
				GCC_NO_COMMON_BLOCKS = YES;
				GCC_WARN_64_TO_32_BIT_CONVERSION = YES;
				GCC_WARN_ABOUT_RETURN_TYPE = YES_ERROR;
				GCC_WARN_UNDECLARED_SELECTOR = YES;
				GCC_WARN_UNINITIALIZED_AUTOS = YES_AGGRESSIVE;
				GCC_WARN_UNUSED_FUNCTION = YES;
				GCC_WARN_UNUSED_VARIABLE = YES;
				IPHONEOS_DEPLOYMENT_TARGET = 17.5;
				LOCALIZATION_PREFERS_STRING_CATALOGS = YES;
				MTL_ENABLE_DEBUG_INFO = NO;
				MTL_FAST_MATH = YES;
				SDKROOT = iphoneos;
				SWIFT_COMPILATION_MODE = wholemodule;
				VALIDATE_PRODUCT = YES;
			};
			name = Release;
		};
		9088AFA92C7BD58C00303C41 /* Debug */ = {
			isa = XCBuildConfiguration;
			baseConfigurationReference = 088335651A92B857329183E4 /* Pods-Bidon.debug.xcconfig */;
			buildSettings = {
				ASSETCATALOG_COMPILER_APPICON_NAME = AppIcon;
				ASSETCATALOG_COMPILER_GLOBAL_ACCENT_COLOR_NAME = AccentColor;
				CLANG_ENABLE_MODULES = YES;
				CODE_SIGN_STYLE = Automatic;
				CURRENT_PROJECT_VERSION = 1;
				DEVELOPMENT_ASSET_PATHS = "\"Bidon/Preview Content\"";
				DEVELOPMENT_TEAM = YUL696YUWJ;
				ENABLE_PREVIEWS = YES;
				GENERATE_INFOPLIST_FILE = YES;
				INFOPLIST_KEY_UIApplicationSceneManifest_Generation = YES;
				INFOPLIST_KEY_UIApplicationSupportsIndirectInputEvents = YES;
				INFOPLIST_KEY_UILaunchScreen_Generation = YES;
				INFOPLIST_KEY_UISupportedInterfaceOrientations_iPad = "UIInterfaceOrientationPortrait UIInterfaceOrientationPortraitUpsideDown UIInterfaceOrientationLandscapeLeft UIInterfaceOrientationLandscapeRight";
				INFOPLIST_KEY_UISupportedInterfaceOrientations_iPhone = "UIInterfaceOrientationPortrait UIInterfaceOrientationLandscapeLeft UIInterfaceOrientationLandscapeRight";
				LD_RUNPATH_SEARCH_PATHS = (
					"$(inherited)",
					"@executable_path/Frameworks",
				);
				MARKETING_VERSION = 1.0;
				PRODUCT_BUNDLE_IDENTIFIER = Dziekonskiproduction.Bidon;
				PRODUCT_NAME = "$(TARGET_NAME)";
				SWIFT_EMIT_LOC_STRINGS = YES;
				SWIFT_OBJC_BRIDGING_HEADER = "Bidon/Bidon-Bridging-Header.h";
				SWIFT_OPTIMIZATION_LEVEL = "-Onone";
				SWIFT_VERSION = 5.0;
				TARGETED_DEVICE_FAMILY = "1,2";
			};
			name = Debug;
		};
		9088AFAA2C7BD58C00303C41 /* Release */ = {
			isa = XCBuildConfiguration;
			baseConfigurationReference = D3221B0AFD0B308BEB638F03 /* Pods-Bidon.release.xcconfig */;
			buildSettings = {
				ASSETCATALOG_COMPILER_APPICON_NAME = AppIcon;
				ASSETCATALOG_COMPILER_GLOBAL_ACCENT_COLOR_NAME = AccentColor;
				CLANG_ENABLE_MODULES = YES;
				CODE_SIGN_STYLE = Automatic;
				CURRENT_PROJECT_VERSION = 1;
				DEVELOPMENT_ASSET_PATHS = "\"Bidon/Preview Content\"";
				DEVELOPMENT_TEAM = YUL696YUWJ;
				ENABLE_PREVIEWS = YES;
				GENERATE_INFOPLIST_FILE = YES;
				INFOPLIST_KEY_UIApplicationSceneManifest_Generation = YES;
				INFOPLIST_KEY_UIApplicationSupportsIndirectInputEvents = YES;
				INFOPLIST_KEY_UILaunchScreen_Generation = YES;
				INFOPLIST_KEY_UISupportedInterfaceOrientations_iPad = "UIInterfaceOrientationPortrait UIInterfaceOrientationPortraitUpsideDown UIInterfaceOrientationLandscapeLeft UIInterfaceOrientationLandscapeRight";
				INFOPLIST_KEY_UISupportedInterfaceOrientations_iPhone = "UIInterfaceOrientationPortrait UIInterfaceOrientationLandscapeLeft UIInterfaceOrientationLandscapeRight";
				LD_RUNPATH_SEARCH_PATHS = (
					"$(inherited)",
					"@executable_path/Frameworks",
				);
				MARKETING_VERSION = 1.0;
				PRODUCT_BUNDLE_IDENTIFIER = Dziekonskiproduction.Bidon;
				PRODUCT_NAME = "$(TARGET_NAME)";
				SWIFT_EMIT_LOC_STRINGS = YES;
				SWIFT_OBJC_BRIDGING_HEADER = "Bidon/Bidon-Bridging-Header.h";
				SWIFT_VERSION = 5.0;
				TARGETED_DEVICE_FAMILY = "1,2";
			};
			name = Release;
		};
		9088AFAC2C7BD58C00303C41 /* Debug */ = {
			isa = XCBuildConfiguration;
			baseConfigurationReference = 62528F342FF57B2413516A36 /* Pods-BidonTests.debug.xcconfig */;
			buildSettings = {
				ALWAYS_EMBED_SWIFT_STANDARD_LIBRARIES = YES;
				BUNDLE_LOADER = "$(TEST_HOST)";
				CODE_SIGN_STYLE = Automatic;
				CURRENT_PROJECT_VERSION = 1;
				DEVELOPMENT_TEAM = YUL696YUWJ;
				GENERATE_INFOPLIST_FILE = YES;
				IPHONEOS_DEPLOYMENT_TARGET = 17.5;
				MARKETING_VERSION = 1.0;
				PRODUCT_BUNDLE_IDENTIFIER = Dziekonskiproduction.BidonTests;
				PRODUCT_NAME = "$(TARGET_NAME)";
				SWIFT_EMIT_LOC_STRINGS = NO;
				SWIFT_VERSION = 5.0;
				TARGETED_DEVICE_FAMILY = "1,2";
				TEST_HOST = "$(BUILT_PRODUCTS_DIR)/Bidon.app/$(BUNDLE_EXECUTABLE_FOLDER_PATH)/Bidon";
			};
			name = Debug;
		};
		9088AFAD2C7BD58C00303C41 /* Release */ = {
			isa = XCBuildConfiguration;
			baseConfigurationReference = 4B576DC291F88B45A3AAC268 /* Pods-BidonTests.release.xcconfig */;
			buildSettings = {
				ALWAYS_EMBED_SWIFT_STANDARD_LIBRARIES = YES;
				BUNDLE_LOADER = "$(TEST_HOST)";
				CODE_SIGN_STYLE = Automatic;
				CURRENT_PROJECT_VERSION = 1;
				DEVELOPMENT_TEAM = YUL696YUWJ;
				GENERATE_INFOPLIST_FILE = YES;
				IPHONEOS_DEPLOYMENT_TARGET = 17.5;
				MARKETING_VERSION = 1.0;
				PRODUCT_BUNDLE_IDENTIFIER = Dziekonskiproduction.BidonTests;
				PRODUCT_NAME = "$(TARGET_NAME)";
				SWIFT_EMIT_LOC_STRINGS = NO;
				SWIFT_VERSION = 5.0;
				TARGETED_DEVICE_FAMILY = "1,2";
				TEST_HOST = "$(BUILT_PRODUCTS_DIR)/Bidon.app/$(BUNDLE_EXECUTABLE_FOLDER_PATH)/Bidon";
			};
			name = Release;
		};
		9088AFAF2C7BD58C00303C41 /* Debug */ = {
			isa = XCBuildConfiguration;
			baseConfigurationReference = 44C3E13072A203A08F3C6D4F /* Pods-Bidon-BidonUITests.debug.xcconfig */;
			buildSettings = {
				ALWAYS_EMBED_SWIFT_STANDARD_LIBRARIES = YES;
				CODE_SIGN_STYLE = Automatic;
				CURRENT_PROJECT_VERSION = 1;
				DEVELOPMENT_TEAM = YUL696YUWJ;
				GENERATE_INFOPLIST_FILE = YES;
				MARKETING_VERSION = 1.0;
				PRODUCT_BUNDLE_IDENTIFIER = Dziekonskiproduction.BidonUITests;
				PRODUCT_NAME = "$(TARGET_NAME)";
				SWIFT_EMIT_LOC_STRINGS = NO;
				SWIFT_VERSION = 5.0;
				TARGETED_DEVICE_FAMILY = "1,2";
				TEST_TARGET_NAME = Bidon;
			};
			name = Debug;
		};
		9088AFB02C7BD58C00303C41 /* Release */ = {
			isa = XCBuildConfiguration;
			baseConfigurationReference = 397F899C76FFE21FC4A51824 /* Pods-Bidon-BidonUITests.release.xcconfig */;
			buildSettings = {
				ALWAYS_EMBED_SWIFT_STANDARD_LIBRARIES = YES;
				CODE_SIGN_STYLE = Automatic;
				CURRENT_PROJECT_VERSION = 1;
				DEVELOPMENT_TEAM = YUL696YUWJ;
				GENERATE_INFOPLIST_FILE = YES;
				MARKETING_VERSION = 1.0;
				PRODUCT_BUNDLE_IDENTIFIER = Dziekonskiproduction.BidonUITests;
				PRODUCT_NAME = "$(TARGET_NAME)";
				SWIFT_EMIT_LOC_STRINGS = NO;
				SWIFT_VERSION = 5.0;
				TARGETED_DEVICE_FAMILY = "1,2";
				TEST_TARGET_NAME = Bidon;
			};
			name = Release;
		};
/* End XCBuildConfiguration section */

/* Begin XCConfigurationList section */
		9088AF7F2C7BD58900303C41 /* Build configuration list for PBXProject "Bidon" */ = {
			isa = XCConfigurationList;
			buildConfigurations = (
				9088AFA62C7BD58C00303C41 /* Debug */,
				9088AFA72C7BD58C00303C41 /* Release */,
			);
			defaultConfigurationIsVisible = 0;
			defaultConfigurationName = Release;
		};
		9088AFA82C7BD58C00303C41 /* Build configuration list for PBXNativeTarget "Bidon" */ = {
			isa = XCConfigurationList;
			buildConfigurations = (
				9088AFA92C7BD58C00303C41 /* Debug */,
				9088AFAA2C7BD58C00303C41 /* Release */,
			);
			defaultConfigurationIsVisible = 0;
			defaultConfigurationName = Release;
		};
		9088AFAB2C7BD58C00303C41 /* Build configuration list for PBXNativeTarget "BidonTests" */ = {
			isa = XCConfigurationList;
			buildConfigurations = (
				9088AFAC2C7BD58C00303C41 /* Debug */,
				9088AFAD2C7BD58C00303C41 /* Release */,
			);
			defaultConfigurationIsVisible = 0;
			defaultConfigurationName = Release;
		};
		9088AFAE2C7BD58C00303C41 /* Build configuration list for PBXNativeTarget "BidonUITests" */ = {
			isa = XCConfigurationList;
			buildConfigurations = (
				9088AFAF2C7BD58C00303C41 /* Debug */,
				9088AFB02C7BD58C00303C41 /* Release */,
			);
			defaultConfigurationIsVisible = 0;
			defaultConfigurationName = Release;
		};
/* End XCConfigurationList section */

/* Begin XCRemoteSwiftPackageReference section */
		9047E65A2C87A4AC00118170 /* XCRemoteSwiftPackageReference "lottie-ios" */ = {
			isa = XCRemoteSwiftPackageReference;
			repositoryURL = "https://github.com/airbnb/lottie-ios.git";
			requirement = {
				kind = upToNextMajorVersion;
				minimumVersion = 4.5.0;
			};
		};
/* End XCRemoteSwiftPackageReference section */

/* Begin XCSwiftPackageProductDependency section */
		9047E65B2C87A4F800118170 /* Lottie */ = {
			isa = XCSwiftPackageProductDependency;
			package = 9047E65A2C87A4AC00118170 /* XCRemoteSwiftPackageReference "lottie-ios" */;
			productName = Lottie;
		};
		9047E6612C87A72100118170 /* Lottie */ = {
			isa = XCSwiftPackageProductDependency;
			package = 9047E65A2C87A4AC00118170 /* XCRemoteSwiftPackageReference "lottie-ios" */;
			productName = Lottie;
		};
/* End XCSwiftPackageProductDependency section */
	};
	rootObject = 9088AF7C2C7BD58900303C41 /* Project object */;
}
